# This file is automatically @generated by Cargo.
# It is not intended for manual editing.
version = 4

[[package]]
name = "bitflags"
version = "2.9.4"
source = "registry+https://github.com/rust-lang/crates.io-index"
checksum = "2261d10cca569e4643e526d8dc2e62e433cc8aba21ab764233731f8d369bf394"

[[package]]
name = "itoa"
version = "1.0.15"
source = "registry+https://github.com/rust-lang/crates.io-index"
checksum = "4a5f13b858c8d314ee3e8f639011f7ccefe71f97f96e50151fb991f267928e2c"

[[package]]
name = "linux-raw-sys"
version = "0.11.0"
source = "registry+https://github.com/rust-lang/crates.io-index"
checksum = "df1d3c3b53da64cf5760482273a98e575c651a67eec7f77df96b5b642de8f039"

[[package]]
name = "puppyutils"
version = "0.0.1"
dependencies = [
 "bitflags",
 "itoa",
 "sap",
 "xenia",
 "xenia-utils",
]

[[package]]
name = "sap"
version = "0.0.5"
source = "registry+https://github.com/rust-lang/crates.io-index"
checksum = "32391a1f97f8182ee05a73831e5084311a883b52b93d2d756c6949fd577b56c7"

[[package]]
name = "xenia"
version = "0.0.4"
source = "registry+https://github.com/rust-lang/crates.io-index"
checksum = "bf7452301aac8a118d5229aea6078bcf88f91b4d0ecb76807c784a89fa03f735"
dependencies = [
 "bitflags",
 "linux-raw-sys",
]

[[package]]
name = "xenia-utils"
version = "0.0.1"
source = "registry+https://github.com/rust-lang/crates.io-index"
checksum = "7759ef051645bbd044872da29c1b7747425f373817edec2e9f97dac5047ede2a"
dependencies = [
 "linux-raw-sys",
 "xenia",
]
