# This file is automatically @generated by Cargo.
# It is not intended for manual editing.
version = 4

[[package]]
name = "bitflags"
version = "2.11.0"
source = "registry+https://github.com/rust-lang/crates.io-index"
checksum = "843867be96c8daad0d758b57df9392b6d8d271134fce549de6ce169ff98a92af"

[[package]]
name = "itoa"
version = "1.0.17"
source = "registry+https://github.com/rust-lang/crates.io-index"
checksum = "92ecc6618181def0457392ccd0ee51198e065e016d1d527a7ac1b6dc7c1f09d2"

[[package]]
name = "linux-raw-sys"
version = "0.11.0"
source = "registry+https://github.com/rust-lang/crates.io-index"
checksum = "df1d3c3b53da64cf5760482273a98e575c651a67eec7f77df96b5b642de8f039"

[[package]]
name = "puppyutils"
version = "0.0.1"
dependencies = [
 "bitflags",
 "itoa",
 "sap",
 "xenia",
 "xenia-utils",
]

[[package]]
name = "sap"
version = "0.1.0"
source = "registry+https://github.com/rust-lang/crates.io-index"
checksum = "9b1d5c2755a728d024ddc96331896afdce3e59ccba2a4a4452e706a66d2fdc91"

[[package]]
name = "xenia"
version = "0.1.1"
source = "registry+https://github.com/rust-lang/crates.io-index"
checksum = "60b52d30edd20ffe6ca986171fce0f7d78d7cfa85e61a1117d0aba10ea08dbc4"
dependencies = [
 "bitflags",
 "linux-raw-sys",
]

[[package]]
name = "xenia-utils"
version = "0.0.2"
source = "registry+https://github.com/rust-lang/crates.io-index"
checksum = "ae39904b84467711c329c178addd0e326073c7a81f95b4ce623494b7e247cee2"
dependencies = [
 "linux-raw-sys",
 "xenia",
]
